// !$*UTF8*$!
{
	archiveVersion = 1;
	classes = {
	};
	objectVersion = 46;
	objects = {

/* Begin PBXBuildFile section */
		A7B49F5121188E7F0081D199 /* HookC.framework in Frameworks */ = {isa = PBXBuildFile; fileRef = A7B49F4821188E7F0081D199 /* HookC.framework */; };
		A7B49F5821188E7F0081D199 /* HookCTests.swift in Sources */ = {isa = PBXBuildFile; fileRef = A7B49F5721188E7F0081D199 /* HookCTests.swift */; };
		A7B49F5A21188E7F0081D199 /* HookC.h in Headers */ = {isa = PBXBuildFile; fileRef = A7B49F4A21188E7F0081D199 /* HookC.h */; settings = {ATTRIBUTES = (Public, ); }; };
		A7B49F5D21188E7F0081D199 /* HookC.framework in Frameworks */ = {isa = PBXBuildFile; fileRef = A7B49F4821188E7F0081D199 /* HookC.framework */; };
		A7B49F5E21188E7F0081D199 /* HookC.framework in Embed Frameworks */ = {isa = PBXBuildFile; fileRef = A7B49F4821188E7F0081D199 /* HookC.framework */; settings = {ATTRIBUTES = (CodeSignOnCopy, RemoveHeadersOnCopy, ); }; };
		A7B49F6821188EBC0081D199 /* getEnvHook.h in Headers */ = {isa = PBXBuildFile; fileRef = A7B49F6621188EBC0081D199 /* getEnvHook.h */; };
		A7B49F6921188EBC0081D199 /* getEnvHook.c in Sources */ = {isa = PBXBuildFile; fileRef = A7B49F6721188EBC0081D199 /* getEnvHook.c */; };
		A7B49F6C21188F0F0081D199 /* envTest.c in Sources */ = {isa = PBXBuildFile; fileRef = A7B49F6B21188F0F0081D199 /* envTest.c */; };
		A7B49F6F211898130081D199 /* SwiftTest.swift in Sources */ = {isa = PBXBuildFile; fileRef = A7B49F6E211898130081D199 /* SwiftTest.swift */; };
		A7B49F7B211B31BD0081D199 /* Test.c in Sources */ = {isa = PBXBuildFile; fileRef = A7B49F7A211B31BD0081D199 /* Test.c */; };
		A7D8FA6F1E9B2BBA00ED8D03 /* main.m in Sources */ = {isa = PBXBuildFile; fileRef = A7D8FA6E1E9B2BBA00ED8D03 /* main.m */; };
		A7D8FA721E9B2BBA00ED8D03 /* AppDelegate.m in Sources */ = {isa = PBXBuildFile; fileRef = A7D8FA711E9B2BBA00ED8D03 /* AppDelegate.m */; };
		A7D8FA751E9B2BBA00ED8D03 /* ViewController.m in Sources */ = {isa = PBXBuildFile; fileRef = A7D8FA741E9B2BBA00ED8D03 /* ViewController.m */; };
		A7D8FA781E9B2BBA00ED8D03 /* Main.storyboard in Resources */ = {isa = PBXBuildFile; fileRef = A7D8FA761E9B2BBA00ED8D03 /* Main.storyboard */; };
		A7D8FA7A1E9B2BBA00ED8D03 /* Assets.xcassets in Resources */ = {isa = PBXBuildFile; fileRef = A7D8FA791E9B2BBA00ED8D03 /* Assets.xcassets */; };
		A7D8FA7D1E9B2BBA00ED8D03 /* LaunchScreen.storyboard in Resources */ = {isa = PBXBuildFile; fileRef = A7D8FA7B1E9B2BBA00ED8D03 /* LaunchScreen.storyboard */; };
		A7D8FA881E9B2BBA00ED8D03 /* TTTests.m in Sources */ = {isa = PBXBuildFile; fileRef = A7D8FA871E9B2BBA00ED8D03 /* TTTests.m */; };
		A7D8FA931E9B2BBB00ED8D03 /* TTUITests.m in Sources */ = {isa = PBXBuildFile; fileRef = A7D8FA921E9B2BBB00ED8D03 /* TTUITests.m */; };
/* End PBXBuildFile section */

/* Begin PBXContainerItemProxy section */
		A7B49F5221188E7F0081D199 /* PBXContainerItemProxy */ = {
			isa = PBXContainerItemProxy;
			containerPortal = A7D8FA621E9B2BBA00ED8D03 /* Project object */;
			proxyType = 1;
			remoteGlobalIDString = A7B49F4721188E7F0081D199;
			remoteInfo = HookC;
		};
		A7B49F5421188E7F0081D199 /* PBXContainerItemProxy */ = {
			isa = PBXContainerItemProxy;
			containerPortal = A7D8FA621E9B2BBA00ED8D03 /* Project object */;
			proxyType = 1;
			remoteGlobalIDString = A7D8FA691E9B2BBA00ED8D03;
			remoteInfo = TT;
		};
		A7B49F5B21188E7F0081D199 /* PBXContainerItemProxy */ = {
			isa = PBXContainerItemProxy;
			containerPortal = A7D8FA621E9B2BBA00ED8D03 /* Project object */;
			proxyType = 1;
			remoteGlobalIDString = A7B49F4721188E7F0081D199;
			remoteInfo = HookC;
		};
		A7D8FA841E9B2BBA00ED8D03 /* PBXContainerItemProxy */ = {
			isa = PBXContainerItemProxy;
			containerPortal = A7D8FA621E9B2BBA00ED8D03 /* Project object */;
			proxyType = 1;
			remoteGlobalIDString = A7D8FA691E9B2BBA00ED8D03;
			remoteInfo = TT;
		};
		A7D8FA8F1E9B2BBA00ED8D03 /* PBXContainerItemProxy */ = {
			isa = PBXContainerItemProxy;
			containerPortal = A7D8FA621E9B2BBA00ED8D03 /* Project object */;
			proxyType = 1;
			remoteGlobalIDString = A7D8FA691E9B2BBA00ED8D03;
			remoteInfo = TT;
		};
/* End PBXContainerItemProxy section */

/* Begin PBXCopyFilesBuildPhase section */
		A7B49F6421188E7F0081D199 /* Embed Frameworks */ = {
			isa = PBXCopyFilesBuildPhase;
			buildActionMask = 2147483647;
			dstPath = "";
			dstSubfolderSpec = 10;
			files = (
				A7B49F5E21188E7F0081D199 /* HookC.framework in Embed Frameworks */,
			);
			name = "Embed Frameworks";
			runOnlyForDeploymentPostprocessing = 0;
		};
/* End PBXCopyFilesBuildPhase section */

/* Begin PBXFileReference section */
		A7B49F4821188E7F0081D199 /* HookC.framework */ = {isa = PBXFileReference; explicitFileType = wrapper.framework; includeInIndex = 0; path = HookC.framework; sourceTree = BUILT_PRODUCTS_DIR; };
		A7B49F4A21188E7F0081D199 /* HookC.h */ = {isa = PBXFileReference; lastKnownFileType = sourcecode.c.h; path = HookC.h; sourceTree = "<group>"; };
		A7B49F4B21188E7F0081D199 /* Info.plist */ = {isa = PBXFileReference; lastKnownFileType = text.plist.xml; path = Info.plist; sourceTree = "<group>"; };
		A7B49F5021188E7F0081D199 /* HookCTests.xctest */ = {isa = PBXFileReference; explicitFileType = wrapper.cfbundle; includeInIndex = 0; path = HookCTests.xctest; sourceTree = BUILT_PRODUCTS_DIR; };
		A7B49F5721188E7F0081D199 /* HookCTests.swift */ = {isa = PBXFileReference; lastKnownFileType = sourcecode.swift; path = HookCTests.swift; sourceTree = "<group>"; };
		A7B49F5921188E7F0081D199 /* Info.plist */ = {isa = PBXFileReference; lastKnownFileType = text.plist.xml; path = Info.plist; sourceTree = "<group>"; };
		A7B49F6621188EBC0081D199 /* getEnvHook.h */ = {isa = PBXFileReference; lastKnownFileType = sourcecode.c.h; path = getEnvHook.h; sourceTree = "<group>"; };
		A7B49F6721188EBC0081D199 /* getEnvHook.c */ = {isa = PBXFileReference; lastKnownFileType = sourcecode.c.c; path = getEnvHook.c; sourceTree = "<group>"; };
		A7B49F6A21188F0F0081D199 /* envTest.h */ = {isa = PBXFileReference; lastKnownFileType = sourcecode.c.h; path = envTest.h; sourceTree = "<group>"; };
		A7B49F6B21188F0F0081D199 /* envTest.c */ = {isa = PBXFileReference; lastKnownFileType = sourcecode.c.c; path = envTest.c; sourceTree = "<group>"; };
		A7B49F6D211898130081D199 /* TT-Bridging-Header.h */ = {isa = PBXFileReference; lastKnownFileType = sourcecode.c.h; path = "TT-Bridging-Header.h"; sourceTree = "<group>"; };
		A7B49F6E211898130081D199 /* SwiftTest.swift */ = {isa = PBXFileReference; lastKnownFileType = sourcecode.swift; path = SwiftTest.swift; sourceTree = "<group>"; };
		A7B49F79211B31B90081D199 /* Test.h */ = {isa = PBXFileReference; lastKnownFileType = sourcecode.c.h; path = Test.h; sourceTree = "<group>"; };
		A7B49F7A211B31BD0081D199 /* Test.c */ = {isa = PBXFileReference; lastKnownFileType = sourcecode.c.c; path = Test.c; sourceTree = "<group>"; };
		A7D8FA6A1E9B2BBA00ED8D03 /* TT.app */ = {isa = PBXFileReference; explicitFileType = wrapper.application; includeInIndex = 0; path = TT.app; sourceTree = BUILT_PRODUCTS_DIR; };
		A7D8FA6E1E9B2BBA00ED8D03 /* main.m */ = {isa = PBXFileReference; lastKnownFileType = sourcecode.c.objc; path = main.m; sourceTree = "<group>"; };
		A7D8FA701E9B2BBA00ED8D03 /* AppDelegate.h */ = {isa = PBXFileReference; lastKnownFileType = sourcecode.c.h; path = AppDelegate.h; sourceTree = "<group>"; };
		A7D8FA711E9B2BBA00ED8D03 /* AppDelegate.m */ = {isa = PBXFileReference; lastKnownFileType = sourcecode.c.objc; path = AppDelegate.m; sourceTree = "<group>"; };
		A7D8FA731E9B2BBA00ED8D03 /* ViewController.h */ = {isa = PBXFileReference; lastKnownFileType = sourcecode.c.h; path = ViewController.h; sourceTree = "<group>"; };
		A7D8FA741E9B2BBA00ED8D03 /* ViewController.m */ = {isa = PBXFileReference; lastKnownFileType = sourcecode.c.objc; path = ViewController.m; sourceTree = "<group>"; };
		A7D8FA771E9B2BBA00ED8D03 /* Base */ = {isa = PBXFileReference; lastKnownFileType = file.storyboard; name = Base; path = Base.lproj/Main.storyboard; sourceTree = "<group>"; };
		A7D8FA791E9B2BBA00ED8D03 /* Assets.xcassets */ = {isa = PBXFileReference; lastKnownFileType = folder.assetcatalog; path = Assets.xcassets; sourceTree = "<group>"; };
		A7D8FA7C1E9B2BBA00ED8D03 /* Base */ = {isa = PBXFileReference; lastKnownFileType = file.storyboard; name = Base; path = Base.lproj/LaunchScreen.storyboard; sourceTree = "<group>"; };
		A7D8FA7E1E9B2BBA00ED8D03 /* Info.plist */ = {isa = PBXFileReference; lastKnownFileType = text.plist.xml; path = Info.plist; sourceTree = "<group>"; };
		A7D8FA831E9B2BBA00ED8D03 /* TTTests.xctest */ = {isa = PBXFileReference; explicitFileType = wrapper.cfbundle; includeInIndex = 0; path = TTTests.xctest; sourceTree = BUILT_PRODUCTS_DIR; };
		A7D8FA871E9B2BBA00ED8D03 /* TTTests.m */ = {isa = PBXFileReference; lastKnownFileType = sourcecode.c.objc; path = TTTests.m; sourceTree = "<group>"; };
		A7D8FA891E9B2BBA00ED8D03 /* Info.plist */ = {isa = PBXFileReference; lastKnownFileType = text.plist.xml; path = Info.plist; sourceTree = "<group>"; };
		A7D8FA8E1E9B2BBA00ED8D03 /* TTUITests.xctest */ = {isa = PBXFileReference; explicitFileType = wrapper.cfbundle; includeInIndex = 0; path = TTUITests.xctest; sourceTree = BUILT_PRODUCTS_DIR; };
		A7D8FA921E9B2BBB00ED8D03 /* TTUITests.m */ = {isa = PBXFileReference; lastKnownFileType = sourcecode.c.objc; path = TTUITests.m; sourceTree = "<group>"; };
		A7D8FA941E9B2BBB00ED8D03 /* Info.plist */ = {isa = PBXFileReference; lastKnownFileType = text.plist.xml; path = Info.plist; sourceTree = "<group>"; };
/* End PBXFileReference section */

/* Begin PBXFrameworksBuildPhase section */
		A7B49F4421188E7F0081D199 /* Frameworks */ = {
			isa = PBXFrameworksBuildPhase;
			buildActionMask = 2147483647;
			files = (
			);
			runOnlyForDeploymentPostprocessing = 0;
		};
		A7B49F4D21188E7F0081D199 /* Frameworks */ = {
			isa = PBXFrameworksBuildPhase;
			buildActionMask = 2147483647;
			files = (
				A7B49F5121188E7F0081D199 /* HookC.framework in Frameworks */,
			);
			runOnlyForDeploymentPostprocessing = 0;
		};
		A7D8FA671E9B2BBA00ED8D03 /* Frameworks */ = {
			isa = PBXFrameworksBuildPhase;
			buildActionMask = 2147483647;
			files = (
				A7B49F5D21188E7F0081D199 /* HookC.framework in Frameworks */,
			);
			runOnlyForDeploymentPostprocessing = 0;
		};
		A7D8FA801E9B2BBA00ED8D03 /* Frameworks */ = {
			isa = PBXFrameworksBuildPhase;
			buildActionMask = 2147483647;
			files = (
			);
			runOnlyForDeploymentPostprocessing = 0;
		};
		A7D8FA8B1E9B2BBA00ED8D03 /* Frameworks */ = {
			isa = PBXFrameworksBuildPhase;
			buildActionMask = 2147483647;
			files = (
			);
			runOnlyForDeploymentPostprocessing = 0;
		};
/* End PBXFrameworksBuildPhase section */

/* Begin PBXGroup section */
		A7B49F4921188E7F0081D199 /* HookC */ = {
			isa = PBXGroup;
			children = (
				A7B49F4A21188E7F0081D199 /* HookC.h */,
				A7B49F6621188EBC0081D199 /* getEnvHook.h */,
				A7B49F6721188EBC0081D199 /* getEnvHook.c */,
				A7B49F4B21188E7F0081D199 /* Info.plist */,
			);
			path = HookC;
			sourceTree = "<group>";
		};
		A7B49F5621188E7F0081D199 /* HookCTests */ = {
			isa = PBXGroup;
			children = (
				A7B49F5721188E7F0081D199 /* HookCTests.swift */,
				A7B49F5921188E7F0081D199 /* Info.plist */,
			);
			path = HookCTests;
			sourceTree = "<group>";
		};
		A7B49F7D211B31E50081D199 /* functionCall */ = {
			isa = PBXGroup;
			children = (
				A7B49F7A211B31BD0081D199 /* Test.c */,
				A7B49F79211B31B90081D199 /* Test.h */,
			);
			path = functionCall;
			sourceTree = "<group>";
		};
		A7B49F7E211B32100081D199 /* env */ = {
			isa = PBXGroup;
			children = (
				A7B49F6A21188F0F0081D199 /* envTest.h */,
				A7B49F6B21188F0F0081D199 /* envTest.c */,
			);
			path = env;
			sourceTree = "<group>";
		};
		A7D8FA611E9B2BBA00ED8D03 = {
			isa = PBXGroup;
			children = (
				A7B49F6E211898130081D199 /* SwiftTest.swift */,
				A7D8FA6C1E9B2BBA00ED8D03 /* TT */,
				A7D8FA861E9B2BBA00ED8D03 /* TTTests */,
				A7D8FA911E9B2BBA00ED8D03 /* TTUITests */,
				A7B49F4921188E7F0081D199 /* HookC */,
				A7B49F5621188E7F0081D199 /* HookCTests */,
				A7D8FA6B1E9B2BBA00ED8D03 /* Products */,
				A7B49F6D211898130081D199 /* TT-Bridging-Header.h */,
			);
			sourceTree = "<group>";
		};
		A7D8FA6B1E9B2BBA00ED8D03 /* Products */ = {
			isa = PBXGroup;
			children = (
				A7D8FA6A1E9B2BBA00ED8D03 /* TT.app */,
				A7D8FA831E9B2BBA00ED8D03 /* TTTests.xctest */,
				A7D8FA8E1E9B2BBA00ED8D03 /* TTUITests.xctest */,
				A7B49F4821188E7F0081D199 /* HookC.framework */,
				A7B49F5021188E7F0081D199 /* HookCTests.xctest */,
			);
			name = Products;
			sourceTree = "<group>";
		};
		A7D8FA6C1E9B2BBA00ED8D03 /* TT */ = {
			isa = PBXGroup;
			children = (
				A7B49F7E211B32100081D199 /* env */,
				A7B49F7D211B31E50081D199 /* functionCall */,
				A7D8FA701E9B2BBA00ED8D03 /* AppDelegate.h */,
				A7D8FA711E9B2BBA00ED8D03 /* AppDelegate.m */,
				A7D8FA731E9B2BBA00ED8D03 /* ViewController.h */,
				A7D8FA741E9B2BBA00ED8D03 /* ViewController.m */,
				A7D8FA761E9B2BBA00ED8D03 /* Main.storyboard */,
				A7D8FA791E9B2BBA00ED8D03 /* Assets.xcassets */,
				A7D8FA7B1E9B2BBA00ED8D03 /* LaunchScreen.storyboard */,
				A7D8FA7E1E9B2BBA00ED8D03 /* Info.plist */,
				A7D8FA6D1E9B2BBA00ED8D03 /* Supporting Files */,
			);
			path = TT;
			sourceTree = "<group>";
		};
		A7D8FA6D1E9B2BBA00ED8D03 /* Supporting Files */ = {
			isa = PBXGroup;
			children = (
				A7D8FA6E1E9B2BBA00ED8D03 /* main.m */,
			);
			name = "Supporting Files";
			sourceTree = "<group>";
		};
		A7D8FA861E9B2BBA00ED8D03 /* TTTests */ = {
			isa = PBXGroup;
			children = (
				A7D8FA871E9B2BBA00ED8D03 /* TTTests.m */,
				A7D8FA891E9B2BBA00ED8D03 /* Info.plist */,
			);
			path = TTTests;
			sourceTree = "<group>";
		};
		A7D8FA911E9B2BBA00ED8D03 /* TTUITests */ = {
			isa = PBXGroup;
			children = (
				A7D8FA921E9B2BBB00ED8D03 /* TTUITests.m */,
				A7D8FA941E9B2BBB00ED8D03 /* Info.plist */,
			);
			path = TTUITests;
			sourceTree = "<group>";
		};
/* End PBXGroup section */

/* Begin PBXHeadersBuildPhase section */
		A7B49F4521188E7F0081D199 /* Headers */ = {
			isa = PBXHeadersBuildPhase;
			buildActionMask = 2147483647;
			files = (
				A7B49F6821188EBC0081D199 /* getEnvHook.h in Headers */,
				A7B49F5A21188E7F0081D199 /* HookC.h in Headers */,
			);
			runOnlyForDeploymentPostprocessing = 0;
		};
/* End PBXHeadersBuildPhase section */

/* Begin PBXNativeTarget section */
		A7B49F4721188E7F0081D199 /* HookC */ = {
			isa = PBXNativeTarget;
			buildConfigurationList = A7B49F6321188E7F0081D199 /* Build configuration list for PBXNativeTarget "HookC" */;
			buildPhases = (
				A7B49F4321188E7F0081D199 /* Sources */,
				A7B49F4421188E7F0081D199 /* Frameworks */,
				A7B49F4521188E7F0081D199 /* Headers */,
				A7B49F4621188E7F0081D199 /* Resources */,
			);
			buildRules = (
			);
			dependencies = (
			);
			name = HookC;
			productName = HookC;
			productReference = A7B49F4821188E7F0081D199 /* HookC.framework */;
			productType = "com.apple.product-type.framework";
		};
		A7B49F4F21188E7F0081D199 /* HookCTests */ = {
			isa = PBXNativeTarget;
			buildConfigurationList = A7B49F6521188E7F0081D199 /* Build configuration list for PBXNativeTarget "HookCTests" */;
			buildPhases = (
				A7B49F4C21188E7F0081D199 /* Sources */,
				A7B49F4D21188E7F0081D199 /* Frameworks */,
				A7B49F4E21188E7F0081D199 /* Resources */,
			);
			buildRules = (
			);
			dependencies = (
				A7B49F5321188E7F0081D199 /* PBXTargetDependency */,
				A7B49F5521188E7F0081D199 /* PBXTargetDependency */,
			);
			name = HookCTests;
			productName = HookCTests;
			productReference = A7B49F5021188E7F0081D199 /* HookCTests.xctest */;
			productType = "com.apple.product-type.bundle.unit-test";
		};
		A7D8FA691E9B2BBA00ED8D03 /* TT */ = {
			isa = PBXNativeTarget;
			buildConfigurationList = A7D8FA971E9B2BBB00ED8D03 /* Build configuration list for PBXNativeTarget "TT" */;
			buildPhases = (
				A7D8FA661E9B2BBA00ED8D03 /* Sources */,
				A7D8FA671E9B2BBA00ED8D03 /* Frameworks */,
				A7D8FA681E9B2BBA00ED8D03 /* Resources */,
				A7B49F6421188E7F0081D199 /* Embed Frameworks */,
			);
			buildRules = (
			);
			dependencies = (
				A7B49F5C21188E7F0081D199 /* PBXTargetDependency */,
			);
			name = TT;
			productName = TT;
			productReference = A7D8FA6A1E9B2BBA00ED8D03 /* TT.app */;
			productType = "com.apple.product-type.application";
		};
		A7D8FA821E9B2BBA00ED8D03 /* TTTests */ = {
			isa = PBXNativeTarget;
			buildConfigurationList = A7D8FA9A1E9B2BBB00ED8D03 /* Build configuration list for PBXNativeTarget "TTTests" */;
			buildPhases = (
				A7D8FA7F1E9B2BBA00ED8D03 /* Sources */,
				A7D8FA801E9B2BBA00ED8D03 /* Frameworks */,
				A7D8FA811E9B2BBA00ED8D03 /* Resources */,
			);
			buildRules = (
			);
			dependencies = (
				A7D8FA851E9B2BBA00ED8D03 /* PBXTargetDependency */,
			);
			name = TTTests;
			productName = TTTests;
			productReference = A7D8FA831E9B2BBA00ED8D03 /* TTTests.xctest */;
			productType = "com.apple.product-type.bundle.unit-test";
		};
		A7D8FA8D1E9B2BBA00ED8D03 /* TTUITests */ = {
			isa = PBXNativeTarget;
			buildConfigurationList = A7D8FA9D1E9B2BBB00ED8D03 /* Build configuration list for PBXNativeTarget "TTUITests" */;
			buildPhases = (
				A7D8FA8A1E9B2BBA00ED8D03 /* Sources */,
				A7D8FA8B1E9B2BBA00ED8D03 /* Frameworks */,
				A7D8FA8C1E9B2BBA00ED8D03 /* Resources */,
			);
			buildRules = (
			);
			dependencies = (
				A7D8FA901E9B2BBA00ED8D03 /* PBXTargetDependency */,
			);
			name = TTUITests;
			productName = TTUITests;
			productReference = A7D8FA8E1E9B2BBA00ED8D03 /* TTUITests.xctest */;
			productType = "com.apple.product-type.bundle.ui-testing";
		};
/* End PBXNativeTarget section */

/* Begin PBXProject section */
		A7D8FA621E9B2BBA00ED8D03 /* Project object */ = {
			isa = PBXProject;
			attributes = {
				LastSwiftUpdateCheck = 0940;
				LastUpgradeCheck = 0820;
				ORGANIZATIONNAME = fanyin;
				TargetAttributes = {
					A7B49F4721188E7F0081D199 = {
						CreatedOnToolsVersion = 9.4.1;
						DevelopmentTeam = Y7X96WZD52;
						ProvisioningStyle = Automatic;
					};
					A7B49F4F21188E7F0081D199 = {
						CreatedOnToolsVersion = 9.4.1;
						ProvisioningStyle = Automatic;
						TestTargetID = A7D8FA691E9B2BBA00ED8D03;
					};
					A7D8FA691E9B2BBA00ED8D03 = {
						CreatedOnToolsVersion = 8.2.1;
						DevelopmentTeam = Y7X96WZD52;
						LastSwiftMigration = 0940;
						ProvisioningStyle = Automatic;
					};
					A7D8FA821E9B2BBA00ED8D03 = {
						CreatedOnToolsVersion = 8.2.1;
						ProvisioningStyle = Automatic;
						TestTargetID = A7D8FA691E9B2BBA00ED8D03;
					};
					A7D8FA8D1E9B2BBA00ED8D03 = {
						CreatedOnToolsVersion = 8.2.1;
						ProvisioningStyle = Automatic;
						TestTargetID = A7D8FA691E9B2BBA00ED8D03;
					};
				};
			};
			buildConfigurationList = A7D8FA651E9B2BBA00ED8D03 /* Build configuration list for PBXProject "TT" */;
			compatibilityVersion = "Xcode 3.2";
			developmentRegion = English;
			hasScannedForEncodings = 0;
			knownRegions = (
				en,
				Base,
			);
			mainGroup = A7D8FA611E9B2BBA00ED8D03;
			productRefGroup = A7D8FA6B1E9B2BBA00ED8D03 /* Products */;
			projectDirPath = "";
			projectRoot = "";
			targets = (
				A7D8FA691E9B2BBA00ED8D03 /* TT */,
				A7D8FA821E9B2BBA00ED8D03 /* TTTests */,
				A7D8FA8D1E9B2BBA00ED8D03 /* TTUITests */,
				A7B49F4721188E7F0081D199 /* HookC */,
				A7B49F4F21188E7F0081D199 /* HookCTests */,
			);
		};
/* End PBXProject section */

/* Begin PBXResourcesBuildPhase section */
		A7B49F4621188E7F0081D199 /* Resources */ = {
			isa = PBXResourcesBuildPhase;
			buildActionMask = 2147483647;
			files = (
			);
			runOnlyForDeploymentPostprocessing = 0;
		};
		A7B49F4E21188E7F0081D199 /* Resources */ = {
			isa = PBXResourcesBuildPhase;
			buildActionMask = 2147483647;
			files = (
			);
			runOnlyForDeploymentPostprocessing = 0;
		};
		A7D8FA681E9B2BBA00ED8D03 /* Resources */ = {
			isa = PBXResourcesBuildPhase;
			buildActionMask = 2147483647;
			files = (
				A7D8FA7D1E9B2BBA00ED8D03 /* LaunchScreen.storyboard in Resources */,
				A7D8FA7A1E9B2BBA00ED8D03 /* Assets.xcassets in Resources */,
				A7D8FA781E9B2BBA00ED8D03 /* Main.storyboard in Resources */,
			);
			runOnlyForDeploymentPostprocessing = 0;
		};
		A7D8FA811E9B2BBA00ED8D03 /* Resources */ = {
			isa = PBXResourcesBuildPhase;
			buildActionMask = 2147483647;
			files = (
			);
			runOnlyForDeploymentPostprocessing = 0;
		};
		A7D8FA8C1E9B2BBA00ED8D03 /* Resources */ = {
			isa = PBXResourcesBuildPhase;
			buildActionMask = 2147483647;
			files = (
			);
			runOnlyForDeploymentPostprocessing = 0;
		};
/* End PBXResourcesBuildPhase section */

/* Begin PBXSourcesBuildPhase section */
		A7B49F4321188E7F0081D199 /* Sources */ = {
			isa = PBXSourcesBuildPhase;
			buildActionMask = 2147483647;
			files = (
				A7B49F6921188EBC0081D199 /* getEnvHook.c in Sources */,
			);
			runOnlyForDeploymentPostprocessing = 0;
		};
		A7B49F4C21188E7F0081D199 /* Sources */ = {
			isa = PBXSourcesBuildPhase;
			buildActionMask = 2147483647;
			files = (
				A7B49F5821188E7F0081D199 /* HookCTests.swift in Sources */,
			);
			runOnlyForDeploymentPostprocessing = 0;
		};
		A7D8FA661E9B2BBA00ED8D03 /* Sources */ = {
			isa = PBXSourcesBuildPhase;
			buildActionMask = 2147483647;
			files = (
				A7D8FA751E9B2BBA00ED8D03 /* ViewController.m in Sources */,
				A7B49F7B211B31BD0081D199 /* Test.c in Sources */,
				A7D8FA721E9B2BBA00ED8D03 /* AppDelegate.m in Sources */,
				A7B49F6F211898130081D199 /* SwiftTest.swift in Sources */,
				A7D8FA6F1E9B2BBA00ED8D03 /* main.m in Sources */,
				A7B49F6C21188F0F0081D199 /* envTest.c in Sources */,
			);
			runOnlyForDeploymentPostprocessing = 0;
		};
		A7D8FA7F1E9B2BBA00ED8D03 /* Sources */ = {
			isa = PBXSourcesBuildPhase;
			buildActionMask = 2147483647;
			files = (
				A7D8FA881E9B2BBA00ED8D03 /* TTTests.m in Sources */,
			);
			runOnlyForDeploymentPostprocessing = 0;
		};
		A7D8FA8A1E9B2BBA00ED8D03 /* Sources */ = {
			isa = PBXSourcesBuildPhase;
			buildActionMask = 2147483647;
			files = (
				A7D8FA931E9B2BBB00ED8D03 /* TTUITests.m in Sources */,
			);
			runOnlyForDeploymentPostprocessing = 0;
		};
/* End PBXSourcesBuildPhase section */

/* Begin PBXTargetDependency section */
		A7B49F5321188E7F0081D199 /* PBXTargetDependency */ = {
			isa = PBXTargetDependency;
			target = A7B49F4721188E7F0081D199 /* HookC */;
			targetProxy = A7B49F5221188E7F0081D199 /* PBXContainerItemProxy */;
		};
		A7B49F5521188E7F0081D199 /* PBXTargetDependency */ = {
			isa = PBXTargetDependency;
			target = A7D8FA691E9B2BBA00ED8D03 /* TT */;
			targetProxy = A7B49F5421188E7F0081D199 /* PBXContainerItemProxy */;
		};
		A7B49F5C21188E7F0081D199 /* PBXTargetDependency */ = {
			isa = PBXTargetDependency;
			target = A7B49F4721188E7F0081D199 /* HookC */;
			targetProxy = A7B49F5B21188E7F0081D199 /* PBXContainerItemProxy */;
		};
		A7D8FA851E9B2BBA00ED8D03 /* PBXTargetDependency */ = {
			isa = PBXTargetDependency;
			target = A7D8FA691E9B2BBA00ED8D03 /* TT */;
			targetProxy = A7D8FA841E9B2BBA00ED8D03 /* PBXContainerItemProxy */;
		};
		A7D8FA901E9B2BBA00ED8D03 /* PBXTargetDependency */ = {
			isa = PBXTargetDependency;
			target = A7D8FA691E9B2BBA00ED8D03 /* TT */;
			targetProxy = A7D8FA8F1E9B2BBA00ED8D03 /* PBXContainerItemProxy */;
		};
/* End PBXTargetDependency section */

/* Begin PBXVariantGroup section */
		A7D8FA761E9B2BBA00ED8D03 /* Main.storyboard */ = {
			isa = PBXVariantGroup;
			children = (
				A7D8FA771E9B2BBA00ED8D03 /* Base */,
			);
			name = Main.storyboard;
			sourceTree = "<group>";
		};
		A7D8FA7B1E9B2BBA00ED8D03 /* LaunchScreen.storyboard */ = {
			isa = PBXVariantGroup;
			children = (
				A7D8FA7C1E9B2BBA00ED8D03 /* Base */,
			);
			name = LaunchScreen.storyboard;
			sourceTree = "<group>";
		};
/* End PBXVariantGroup section */

/* Begin XCBuildConfiguration section */
		A7B49F5F21188E7F0081D199 /* Debug */ = {
			isa = XCBuildConfiguration;
			buildSettings = {
				CLANG_ANALYZER_NUMBER_OBJECT_CONVERSION = YES_AGGRESSIVE;
				CLANG_CXX_LANGUAGE_STANDARD = "gnu++14";
				CLANG_ENABLE_OBJC_WEAK = YES;
				CLANG_WARN_BLOCK_CAPTURE_AUTORELEASING = YES;
				CLANG_WARN_COMMA = YES;
				CLANG_WARN_DEPRECATED_OBJC_IMPLEMENTATIONS = YES;
				CLANG_WARN_NON_LITERAL_NULL_CONVERSION = YES;
				CLANG_WARN_OBJC_IMPLICIT_RETAIN_SELF = YES;
				CLANG_WARN_OBJC_LITERAL_CONVERSION = YES;
				CLANG_WARN_RANGE_LOOP_ANALYSIS = YES;
				CLANG_WARN_STRICT_PROTOTYPES = YES;
				CLANG_WARN_UNGUARDED_AVAILABILITY = YES_AGGRESSIVE;
				CODE_SIGN_IDENTITY = "iPhone Developer";
				"CODE_SIGN_IDENTITY[sdk=iphoneos*]" = "iPhone Developer";
				CODE_SIGN_STYLE = Automatic;
				CURRENT_PROJECT_VERSION = 1;
				DEFINES_MODULE = YES;
				DEVELOPMENT_TEAM = Y7X96WZD52;
				DYLIB_COMPATIBILITY_VERSION = 1;
				DYLIB_CURRENT_VERSION = 1;
				DYLIB_INSTALL_NAME_BASE = "@rpath";
				GCC_C_LANGUAGE_STANDARD = gnu11;
				INFOPLIST_FILE = HookC/Info.plist;
				INSTALL_PATH = "$(LOCAL_LIBRARY_DIR)/Frameworks";
				IPHONEOS_DEPLOYMENT_TARGET = 11.4;
				LD_RUNPATH_SEARCH_PATHS = "$(inherited) @executable_path/Frameworks @loader_path/Frameworks";
				PRODUCT_BUNDLE_IDENTIFIER = com.fanyin.HookC;
				PRODUCT_NAME = "$(TARGET_NAME:c99extidentifier)";
				SKIP_INSTALL = YES;
				SWIFT_ACTIVE_COMPILATION_CONDITIONS = DEBUG;
				SWIFT_OPTIMIZATION_LEVEL = "-Onone";
				SWIFT_VERSION = 4.0;
				TARGETED_DEVICE_FAMILY = "1,2";
				VERSIONING_SYSTEM = "apple-generic";
				VERSION_INFO_PREFIX = "";
			};
			name = Debug;
		};
		A7B49F6021188E7F0081D199 /* Release */ = {
			isa = XCBuildConfiguration;
			buildSettings = {
				CLANG_ANALYZER_NUMBER_OBJECT_CONVERSION = YES_AGGRESSIVE;
				CLANG_CXX_LANGUAGE_STANDARD = "gnu++14";
				CLANG_ENABLE_OBJC_WEAK = YES;
				CLANG_WARN_BLOCK_CAPTURE_AUTORELEASING = YES;
				CLANG_WARN_COMMA = YES;
				CLANG_WARN_DEPRECATED_OBJC_IMPLEMENTATIONS = YES;
				CLANG_WARN_NON_LITERAL_NULL_CONVERSION = YES;
				CLANG_WARN_OBJC_IMPLICIT_RETAIN_SELF = YES;
				CLANG_WARN_OBJC_LITERAL_CONVERSION = YES;
				CLANG_WARN_RANGE_LOOP_ANALYSIS = YES;
				CLANG_WARN_STRICT_PROTOTYPES = YES;
				CLANG_WARN_UNGUARDED_AVAILABILITY = YES_AGGRESSIVE;
				CODE_SIGN_IDENTITY = "iPhone Developer";
				"CODE_SIGN_IDENTITY[sdk=iphoneos*]" = "iPhone Developer";
				CODE_SIGN_STYLE = Automatic;
				CURRENT_PROJECT_VERSION = 1;
				DEFINES_MODULE = YES;
				DEVELOPMENT_TEAM = Y7X96WZD52;
				DYLIB_COMPATIBILITY_VERSION = 1;
				DYLIB_CURRENT_VERSION = 1;
				DYLIB_INSTALL_NAME_BASE = "@rpath";
				GCC_C_LANGUAGE_STANDARD = gnu11;
				INFOPLIST_FILE = HookC/Info.plist;
				INSTALL_PATH = "$(LOCAL_LIBRARY_DIR)/Frameworks";
				IPHONEOS_DEPLOYMENT_TARGET = 11.4;
				LD_RUNPATH_SEARCH_PATHS = "$(inherited) @executable_path/Frameworks @loader_path/Frameworks";
				PRODUCT_BUNDLE_IDENTIFIER = com.fanyin.HookC;
				PRODUCT_NAME = "$(TARGET_NAME:c99extidentifier)";
				SKIP_INSTALL = YES;
				SWIFT_OPTIMIZATION_LEVEL = "-Owholemodule";
				SWIFT_VERSION = 4.0;
				TARGETED_DEVICE_FAMILY = "1,2";
				VERSIONING_SYSTEM = "apple-generic";
				VERSION_INFO_PREFIX = "";
			};
			name = Release;
		};
		A7B49F6121188E7F0081D199 /* Debug */ = {
			isa = XCBuildConfiguration;
			buildSettings = {
				ALWAYS_EMBED_SWIFT_STANDARD_LIBRARIES = YES;
				CLANG_ANALYZER_NUMBER_OBJECT_CONVERSION = YES_AGGRESSIVE;
				CLANG_CXX_LANGUAGE_STANDARD = "gnu++14";
				CLANG_ENABLE_OBJC_WEAK = YES;
				CLANG_WARN_BLOCK_CAPTURE_AUTORELEASING = YES;
				CLANG_WARN_COMMA = YES;
				CLANG_WARN_DEPRECATED_OBJC_IMPLEMENTATIONS = YES;
				CLANG_WARN_NON_LITERAL_NULL_CONVERSION = YES;
				CLANG_WARN_OBJC_IMPLICIT_RETAIN_SELF = YES;
				CLANG_WARN_OBJC_LITERAL_CONVERSION = YES;
				CLANG_WARN_RANGE_LOOP_ANALYSIS = YES;
				CLANG_WARN_STRICT_PROTOTYPES = YES;
				CLANG_WARN_UNGUARDED_AVAILABILITY = YES_AGGRESSIVE;
				CODE_SIGN_IDENTITY = "iPhone Developer";
				CODE_SIGN_STYLE = Automatic;
				GCC_C_LANGUAGE_STANDARD = gnu11;
				INFOPLIST_FILE = HookCTests/Info.plist;
				IPHONEOS_DEPLOYMENT_TARGET = 11.4;
				LD_RUNPATH_SEARCH_PATHS = "$(inherited) @executable_path/Frameworks @loader_path/Frameworks";
				PRODUCT_BUNDLE_IDENTIFIER = com.fanyin.HookCTests;
				PRODUCT_NAME = "$(TARGET_NAME)";
				SWIFT_ACTIVE_COMPILATION_CONDITIONS = DEBUG;
				SWIFT_OPTIMIZATION_LEVEL = "-Onone";
				SWIFT_VERSION = 4.0;
				TARGETED_DEVICE_FAMILY = "1,2";
				TEST_HOST = "$(BUILT_PRODUCTS_DIR)/TT.app/TT";
			};
			name = Debug;
		};
		A7B49F6221188E7F0081D199 /* Release */ = {
			isa = XCBuildConfiguration;
			buildSettings = {
				ALWAYS_EMBED_SWIFT_STANDARD_LIBRARIES = YES;
				CLANG_ANALYZER_NUMBER_OBJECT_CONVERSION = YES_AGGRESSIVE;
				CLANG_CXX_LANGUAGE_STANDARD = "gnu++14";
				CLANG_ENABLE_OBJC_WEAK = YES;
				CLANG_WARN_BLOCK_CAPTURE_AUTORELEASING = YES;
				CLANG_WARN_COMMA = YES;
				CLANG_WARN_DEPRECATED_OBJC_IMPLEMENTATIONS = YES;
				CLANG_WARN_NON_LITERAL_NULL_CONVERSION = YES;
				CLANG_WARN_OBJC_IMPLICIT_RETAIN_SELF = YES;
				CLANG_WARN_OBJC_LITERAL_CONVERSION = YES;
				CLANG_WARN_RANGE_LOOP_ANALYSIS = YES;
				CLANG_WARN_STRICT_PROTOTYPES = YES;
				CLANG_WARN_UNGUARDED_AVAILABILITY = YES_AGGRESSIVE;
				CODE_SIGN_IDENTITY = "iPhone Developer";
				CODE_SIGN_STYLE = Automatic;
				GCC_C_LANGUAGE_STANDARD = gnu11;
				INFOPLIST_FILE = HookCTests/Info.plist;
				IPHONEOS_DEPLOYMENT_TARGET = 11.4;
				LD_RUNPATH_SEARCH_PATHS = "$(inherited) @executable_path/Frameworks @loader_path/Frameworks";
				PRODUCT_BUNDLE_IDENTIFIER = com.fanyin.HookCTests;
				PRODUCT_NAME = "$(TARGET_NAME)";
				SWIFT_OPTIMIZATION_LEVEL = "-Owholemodule";
				SWIFT_VERSION = 4.0;
				TARGETED_DEVICE_FAMILY = "1,2";
				TEST_HOST = "$(BUILT_PRODUCTS_DIR)/TT.app/TT";
			};
			name = Release;
		};
		A7D8FA951E9B2BBB00ED8D03 /* Debug */ = {
			isa = XCBuildConfiguration;
			buildSettings = {
				ALWAYS_SEARCH_USER_PATHS = NO;
				CLANG_ANALYZER_NONNULL = YES;
				CLANG_CXX_LANGUAGE_STANDARD = "gnu++0x";
				CLANG_CXX_LIBRARY = "libc++";
				CLANG_ENABLE_MODULES = YES;
				CLANG_ENABLE_OBJC_ARC = YES;
				CLANG_WARN_BOOL_CONVERSION = YES;
				CLANG_WARN_CONSTANT_CONVERSION = YES;
				CLANG_WARN_DIRECT_OBJC_ISA_USAGE = YES_ERROR;
				CLANG_WARN_DOCUMENTATION_COMMENTS = YES;
				CLANG_WARN_EMPTY_BODY = YES;
				CLANG_WARN_ENUM_CONVERSION = YES;
				CLANG_WARN_INFINITE_RECURSION = YES;
				CLANG_WARN_INT_CONVERSION = YES;
				CLANG_WARN_OBJC_ROOT_CLASS = YES_ERROR;
				CLANG_WARN_SUSPICIOUS_MOVE = YES;
				CLANG_WARN_UNREACHABLE_CODE = YES;
				CLANG_WARN__DUPLICATE_METHOD_MATCH = YES;
				"CODE_SIGN_IDENTITY[sdk=iphoneos*]" = "iPhone Developer";
				COPY_PHASE_STRIP = NO;
				DEBUG_INFORMATION_FORMAT = dwarf;
				ENABLE_STRICT_OBJC_MSGSEND = YES;
				ENABLE_TESTABILITY = YES;
				GCC_C_LANGUAGE_STANDARD = gnu99;
				GCC_DYNAMIC_NO_PIC = NO;
				GCC_NO_COMMON_BLOCKS = YES;
				GCC_OPTIMIZATION_LEVEL = 0;
				GCC_PREPROCESSOR_DEFINITIONS = (
					"DEBUG=1",
					"$(inherited)",
				);
				GCC_WARN_64_TO_32_BIT_CONVERSION = YES;
				GCC_WARN_ABOUT_RETURN_TYPE = YES_ERROR;
				GCC_WARN_UNDECLARED_SELECTOR = YES;
				GCC_WARN_UNINITIALIZED_AUTOS = YES_AGGRESSIVE;
				GCC_WARN_UNUSED_FUNCTION = YES;
				GCC_WARN_UNUSED_VARIABLE = YES;
				IPHONEOS_DEPLOYMENT_TARGET = 10.2;
				MTL_ENABLE_DEBUG_INFO = YES;
				ONLY_ACTIVE_ARCH = YES;
				SDKROOT = iphoneos;
				TARGETED_DEVICE_FAMILY = "1,2";
			};
			name = Debug;
		};
		A7D8FA961E9B2BBB00ED8D03 /* Release */ = {
			isa = XCBuildConfiguration;
			buildSettings = {
				ALWAYS_SEARCH_USER_PATHS = NO;
				CLANG_ANALYZER_NONNULL = YES;
				CLANG_CXX_LANGUAGE_STANDARD = "gnu++0x";
				CLANG_CXX_LIBRARY = "libc++";
				CLANG_ENABLE_MODULES = YES;
				CLANG_ENABLE_OBJC_ARC = YES;
				CLANG_WARN_BOOL_CONVERSION = YES;
				CLANG_WARN_CONSTANT_CONVERSION = YES;
				CLANG_WARN_DIRECT_OBJC_ISA_USAGE = YES_ERROR;
				CLANG_WARN_DOCUMENTATION_COMMENTS = YES;
				CLANG_WARN_EMPTY_BODY = YES;
				CLANG_WARN_ENUM_CONVERSION = YES;
				CLANG_WARN_INFINITE_RECURSION = YES;
				CLANG_WARN_INT_CONVERSION = YES;
				CLANG_WARN_OBJC_ROOT_CLASS = YES_ERROR;
				CLANG_WARN_SUSPICIOUS_MOVE = YES;
				CLANG_WARN_UNREACHABLE_CODE = YES;
				CLANG_WARN__DUPLICATE_METHOD_MATCH = YES;
				"CODE_SIGN_IDENTITY[sdk=iphoneos*]" = "iPhone Developer";
				COPY_PHASE_STRIP = NO;
				DEBUG_INFORMATION_FORMAT = "dwarf-with-dsym";
				ENABLE_NS_ASSERTIONS = NO;
				ENABLE_STRICT_OBJC_MSGSEND = YES;
				GCC_C_LANGUAGE_STANDARD = gnu99;
				GCC_NO_COMMON_BLOCKS = YES;
				GCC_WARN_64_TO_32_BIT_CONVERSION = YES;
				GCC_WARN_ABOUT_RETURN_TYPE = YES_ERROR;
				GCC_WARN_UNDECLARED_SELECTOR = YES;
				GCC_WARN_UNINITIALIZED_AUTOS = YES_AGGRESSIVE;
				GCC_WARN_UNUSED_FUNCTION = YES;
				GCC_WARN_UNUSED_VARIABLE = YES;
				IPHONEOS_DEPLOYMENT_TARGET = 10.2;
				MTL_ENABLE_DEBUG_INFO = NO;
				SDKROOT = iphoneos;
				TARGETED_DEVICE_FAMILY = "1,2";
				VALIDATE_PRODUCT = YES;
			};
			name = Release;
		};
		A7D8FA981E9B2BBB00ED8D03 /* Debug */ = {
			isa = XCBuildConfiguration;
			buildSettings = {
				ASSETCATALOG_COMPILER_APPICON_NAME = AppIcon;
				CLANG_ENABLE_MODULES = YES;
				CODE_SIGN_IDENTITY = "iPhone Developer";
				"CODE_SIGN_IDENTITY[sdk=iphoneos*]" = "iPhone Developer";
				CODE_SIGN_STYLE = Automatic;
				DEVELOPMENT_TEAM = Y7X96WZD52;
				INFOPLIST_FILE = TT/Info.plist;
				LD_RUNPATH_SEARCH_PATHS = "$(inherited) @executable_path/Frameworks";
				PRODUCT_BUNDLE_IDENTIFIER = com.test.yinfanTestyinfan;
				PRODUCT_NAME = "$(TARGET_NAME)";
				PROVISIONING_PROFILE_SPECIFIER = "";
				SWIFT_OBJC_BRIDGING_HEADER = "TT-Bridging-Header.h";
				SWIFT_OPTIMIZATION_LEVEL = "-Onone";
				SWIFT_VERSION = 3.0;
			};
			name = Debug;
		};
		A7D8FA991E9B2BBB00ED8D03 /* Release */ = {
			isa = XCBuildConfiguration;
			buildSettings = {
				ASSETCATALOG_COMPILER_APPICON_NAME = AppIcon;
				CLANG_ENABLE_MODULES = YES;
				CODE_SIGN_IDENTITY = "iPhone Developer";
				"CODE_SIGN_IDENTITY[sdk=iphoneos*]" = "iPhone Developer";
				CODE_SIGN_STYLE = Automatic;
				DEVELOPMENT_TEAM = Y7X96WZD52;
				INFOPLIST_FILE = TT/Info.plist;
				LD_RUNPATH_SEARCH_PATHS = "$(inherited) @executable_path/Frameworks";
				PRODUCT_BUNDLE_IDENTIFIER = com.test.yinfanTestyinfan;
				PRODUCT_NAME = "$(TARGET_NAME)";
				PROVISIONING_PROFILE_SPECIFIER = "";
				SWIFT_OBJC_BRIDGING_HEADER = "TT-Bridging-Header.h";
				SWIFT_VERSION = 3.0;
			};
			name = Release;
		};
		A7D8FA9B1E9B2BBB00ED8D03 /* Debug */ = {
			isa = XCBuildConfiguration;
			buildSettings = {
				ALWAYS_EMBED_SWIFT_STANDARD_LIBRARIES = YES;
				BUNDLE_LOADER = "$(TEST_HOST)";
				INFOPLIST_FILE = TTTests/Info.plist;
				LD_RUNPATH_SEARCH_PATHS = "$(inherited) @executable_path/Frameworks @loader_path/Frameworks";
				PRODUCT_BUNDLE_IDENTIFIER = com.fanyin.TTTests;
				PRODUCT_NAME = "$(TARGET_NAME)";
				TEST_HOST = "$(BUILT_PRODUCTS_DIR)/TT.app/TT";
			};
			name = Debug;
		};
		A7D8FA9C1E9B2BBB00ED8D03 /* Release */ = {
			isa = XCBuildConfiguration;
			buildSettings = {
				ALWAYS_EMBED_SWIFT_STANDARD_LIBRARIES = YES;
				BUNDLE_LOADER = "$(TEST_HOST)";
				INFOPLIST_FILE = TTTests/Info.plist;
				LD_RUNPATH_SEARCH_PATHS = "$(inherited) @executable_path/Frameworks @loader_path/Frameworks";
				PRODUCT_BUNDLE_IDENTIFIER = com.fanyin.TTTests;
				PRODUCT_NAME = "$(TARGET_NAME)";
				TEST_HOST = "$(BUILT_PRODUCTS_DIR)/TT.app/TT";
			};
			name = Release;
		};
		A7D8FA9E1E9B2BBB00ED8D03 /* Debug */ = {
			isa = XCBuildConfiguration;
			buildSettings = {
				ALWAYS_EMBED_SWIFT_STANDARD_LIBRARIES = YES;
				INFOPLIST_FILE = TTUITests/Info.plist;
				LD_RUNPATH_SEARCH_PATHS = "$(inherited) @executable_path/Frameworks @loader_path/Frameworks";
				PRODUCT_BUNDLE_IDENTIFIER = com.fanyin.TTUITests;
				PRODUCT_NAME = "$(TARGET_NAME)";
				TEST_TARGET_NAME = TT;
			};
			name = Debug;
		};
		A7D8FA9F1E9B2BBB00ED8D03 /* Release */ = {
			isa = XCBuildConfiguration;
			buildSettings = {
				ALWAYS_EMBED_SWIFT_STANDARD_LIBRARIES = YES;
				INFOPLIST_FILE = TTUITests/Info.plist;
				LD_RUNPATH_SEARCH_PATHS = "$(inherited) @executable_path/Frameworks @loader_path/Frameworks";
				PRODUCT_BUNDLE_IDENTIFIER = com.fanyin.TTUITests;
				PRODUCT_NAME = "$(TARGET_NAME)";
				TEST_TARGET_NAME = TT;
			};
			name = Release;
		};
/* End XCBuildConfiguration section */

/* Begin XCConfigurationList section */
		A7B49F6321188E7F0081D199 /* Build configuration list for PBXNativeTarget "HookC" */ = {
			isa = XCConfigurationList;
			buildConfigurations = (
				A7B49F5F21188E7F0081D199 /* Debug */,
				A7B49F6021188E7F0081D199 /* Release */,
			);
			defaultConfigurationIsVisible = 0;
			defaultConfigurationName = Release;
		};
		A7B49F6521188E7F0081D199 /* Build configuration list for PBXNativeTarget "HookCTests" */ = {
			isa = XCConfigurationList;
			buildConfigurations = (
				A7B49F6121188E7F0081D199 /* Debug */,
				A7B49F6221188E7F0081D199 /* Release */,
			);
			defaultConfigurationIsVisible = 0;
			defaultConfigurationName = Release;
		};
		A7D8FA651E9B2BBA00ED8D03 /* Build configuration list for PBXProject "TT" */ = {
			isa = XCConfigurationList;
			buildConfigurations = (
				A7D8FA951E9B2BBB00ED8D03 /* Debug */,
				A7D8FA961E9B2BBB00ED8D03 /* Release */,
			);
			defaultConfigurationIsVisible = 0;
			defaultConfigurationName = Release;
		};
		A7D8FA971E9B2BBB00ED8D03 /* Build configuration list for PBXNativeTarget "TT" */ = {
			isa = XCConfigurationList;
			buildConfigurations = (
				A7D8FA981E9B2BBB00ED8D03 /* Debug */,
				A7D8FA991E9B2BBB00ED8D03 /* Release */,
			);
			defaultConfigurationIsVisible = 0;
			defaultConfigurationName = Release;
		};
		A7D8FA9A1E9B2BBB00ED8D03 /* Build configuration list for PBXNativeTarget "TTTests" */ = {
			isa = XCConfigurationList;
			buildConfigurations = (
				A7D8FA9B1E9B2BBB00ED8D03 /* Debug */,
				A7D8FA9C1E9B2BBB00ED8D03 /* Release */,
			);
			defaultConfigurationIsVisible = 0;
			defaultConfigurationName = Release;
		};
		A7D8FA9D1E9B2BBB00ED8D03 /* Build configuration list for PBXNativeTarget "TTUITests" */ = {
			isa = XCConfigurationList;
			buildConfigurations = (
				A7D8FA9E1E9B2BBB00ED8D03 /* Debug */,
				A7D8FA9F1E9B2BBB00ED8D03 /* Release */,
			);
			defaultConfigurationIsVisible = 0;
			defaultConfigurationName = Release;
		};
/* End XCConfigurationList section */
	};
	rootObject = A7D8FA621E9B2BBA00ED8D03 /* Project object */;
}
